
Microsoft Visual Studio Solution File, Format Version 12.00
# Visual Studio Version 16
VisualStudioVersion = 16.0.29318.209
MinimumVisualStudioVersion = 10.0.40219.1
Project("{9A19103F-16F7-4668-BE54-9A1E7A4F7556}") = "Metotlar", "Metotlar\Metotlar.csproj", "{54437617-20C7-4725-BB7D-BD3BEFBB7A91}"
EndProject
Project("{9A19103F-16F7-4668-BE54-9A1E7A4F7556}") = "Matematik", "Matematik\Matematik.csproj", "{1B41A8BB-A0EB-4C36-A60C-86CFA3DD6959}"
EndProject
Project("{9A19103F-16F7-4668-BE54-9A1E7A4F7556}") = "DegerVeReferansTipler", "DegerVeReferansTipler\DegerVeReferansTipler.csproj", "{6FC3A1CE-08AF-42CD-8F2A-146FD94E658F}"
EndProject
Project("{9A19103F-16F7-4668-BE54-9A1E7A4F7556}") = "OOP1", "OOP1\OOP1.csproj", "{C7E84F9A-3080-4855-9201-CED58C5C8684}"
EndProject
Project("{9A19103F-16F7-4668-BE54-9A1E7A4F7556}") = "Koleksiyonlar", "Koleksiyonlar\Koleksiyonlar.csproj", "{FF53AB78-C69D-4805-9F55-FD042E7F158C}"
EndProject
Project("{9A19103F-16F7-4668-BE54-9A1E7A4F7556}") = "GenericsIntro", "GenericsIntro\GenericsIntro.csproj", "{CAE908DA-8DC2-4647-BD6F-4159294B1C6F}"
EndProject
Project("{FAE04EC0-301F-11D3-BF4B-00C04F79EFBC}") = "OOP2", "OOP2\OOP2.csproj", "{CBA9D333-5936-4715-B6CF-A3D572B9C251}"
EndProject
Project("{FAE04EC0-301F-11D3-BF4B-00C04F79EFBC}") = "OOP3", "OOP3\OOP3.csproj", "{DF2A42BA-6AAA-4429-A962-79D6E71EDD0D}"
EndProject
Global
	GlobalSection(SolutionConfigurationPlatforms) = preSolution
		Debug|Any CPU = Debug|Any CPU
		Release|Any CPU = Release|Any CPU
	EndGlobalSection
	GlobalSection(ProjectConfigurationPlatforms) = postSolution
		{54437617-20C7-4725-BB7D-BD3BEFBB7A91}.Debug|Any CPU.ActiveCfg = Debug|Any CPU
		{54437617-20C7-4725-BB7D-BD3BEFBB7A91}.Debug|Any CPU.Build.0 = Debug|Any CPU
		{54437617-20C7-4725-BB7D-BD3BEFBB7A91}.Release|Any CPU.ActiveCfg = Release|Any CPU
		{54437617-20C7-4725-BB7D-BD3BEFBB7A91}.Release|Any CPU.Build.0 = Release|Any CPU
		{1B41A8BB-A0EB-4C36-A60C-86CFA3DD6959}.Debug|Any CPU.ActiveCfg = Debug|Any CPU
		{1B41A8BB-A0EB-4C36-A60C-86CFA3DD6959}.Debug|Any CPU.Build.0 = Debug|Any CPU
		{1B41A8BB-A0EB-4C36-A60C-86CFA3DD6959}.Release|Any CPU.ActiveCfg = Release|Any CPU
		{1B41A8BB-A0EB-4C36-A60C-86CFA3DD6959}.Release|Any CPU.Build.0 = Release|Any CPU
		{6FC3A1CE-08AF-42CD-8F2A-146FD94E658F}.Debug|Any CPU.ActiveCfg = Debug|Any CPU
		{6FC3A1CE-08AF-42CD-8F2A-146FD94E658F}.Debug|Any CPU.Build.0 = Debug|Any CPU
		{6FC3A1CE-08AF-42CD-8F2A-146FD94E658F}.Release|Any CPU.ActiveCfg = Release|Any CPU
		{6FC3A1CE-08AF-42CD-8F2A-146FD94E658F}.Release|Any CPU.Build.0 = Release|Any CPU
		{C7E84F9A-3080-4855-9201-CED58C5C8684}.Debug|Any CPU.ActiveCfg = Debug|Any CPU
		{C7E84F9A-3080-4855-9201-CED58C5C8684}.Debug|Any CPU.Build.0 = Debug|Any CPU
		{C7E84F9A-3080-4855-9201-CED58C5C8684}.Release|Any CPU.ActiveCfg = Release|Any CPU
		{C7E84F9A-3080-4855-9201-CED58C5C8684}.Release|Any CPU.Build.0 = Release|Any CPU
		{FF53AB78-C69D-4805-9F55-FD042E7F158C}.Debug|Any CPU.ActiveCfg = Debug|Any CPU
		{FF53AB78-C69D-4805-9F55-FD042E7F158C}.Debug|Any CPU.Build.0 = Debug|Any CPU
		{FF53AB78-C69D-4805-9F55-FD042E7F158C}.Release|Any CPU.ActiveCfg = Release|Any CPU
		{FF53AB78-C69D-4805-9F55-FD042E7F158C}.Release|Any CPU.Build.0 = Release|Any CPU
		{CAE908DA-8DC2-4647-BD6F-4159294B1C6F}.Debug|Any CPU.ActiveCfg = Debug|Any CPU
		{CAE908DA-8DC2-4647-BD6F-4159294B1C6F}.Debug|Any CPU.Build.0 = Debug|Any CPU
		{CAE908DA-8DC2-4647-BD6F-4159294B1C6F}.Release|Any CPU.ActiveCfg = Release|Any CPU
		{CAE908DA-8DC2-4647-BD6F-4159294B1C6F}.Release|Any CPU.Build.0 = Release|Any CPU
		{CBA9D333-5936-4715-B6CF-A3D572B9C251}.Debug|Any CPU.ActiveCfg = Debug|Any CPU
		{CBA9D333-5936-4715-B6CF-A3D572B9C251}.Debug|Any CPU.Build.0 = Debug|Any CPU
		{CBA9D333-5936-4715-B6CF-A3D572B9C251}.Release|Any CPU.ActiveCfg = Release|Any CPU
		{CBA9D333-5936-4715-B6CF-A3D572B9C251}.Release|Any CPU.Build.0 = Release|Any CPU
		{DF2A42BA-6AAA-4429-A962-79D6E71EDD0D}.Debug|Any CPU.ActiveCfg = Debug|Any CPU
		{DF2A42BA-6AAA-4429-A962-79D6E71EDD0D}.Debug|Any CPU.Build.0 = Debug|Any CPU
		{DF2A42BA-6AAA-4429-A962-79D6E71EDD0D}.Release|Any CPU.ActiveCfg = Release|Any CPU
		{DF2A42BA-6AAA-4429-A962-79D6E71EDD0D}.Release|Any CPU.Build.0 = Release|Any CPU
	EndGlobalSection
	GlobalSection(SolutionProperties) = preSolution
		HideSolutionNode = FALSE
	EndGlobalSection
	GlobalSection(ExtensibilityGlobals) = postSolution
		SolutionGuid = {1CC08861-8531-457C-8566-744ECC532AC3}
	EndGlobalSection
EndGlobal
